
Microsoft Visual Studio Solution File, Format Version 12.00
# Visual Studio Version 16
VisualStudioVersion = 16.0.30907.101
MinimumVisualStudioVersion = 10.0.40219.1
Project("{FAE04EC0-301F-11D3-BF4B-00C04F79EFBC}") = "Mancala", "Mancala\Mancala.csproj", "{529F1898-DDA8-4D3A-8B00-EC7668CA18D0}"
EndProject
Global
	GlobalSection(SolutionConfigurationPlatforms) = preSolution
		Debug|Any CPU = Debug|Any CPU
		Release|Any CPU = Release|Any CPU
	EndGlobalSection
	GlobalSection(ProjectConfigurationPlatforms) = postSolution
		{529F1898-DDA8-4D3A-8B00-EC7668CA18D0}.Debug|Any CPU.ActiveCfg = Debug|Any CPU
		{529F1898-DDA8-4D3A-8B00-EC7668CA18D0}.Debug|Any CPU.Build.0 = Debug|Any CPU
		{529F1898-DDA8-4D3A-8B00-EC7668CA18D0}.Release|Any CPU.ActiveCfg = Release|Any CPU
		{529F1898-DDA8-4D3A-8B00-EC7668CA18D0}.Release|Any CPU.Build.0 = Release|Any CPU
	EndGlobalSection
	GlobalSection(SolutionProperties) = preSolution
		HideSolutionNode = FALSE
	EndGlobalSection
	GlobalSection(ExtensibilityGlobals) = postSolution
		SolutionGuid = {E2B3FF18-0489-4152-BBB7-32E8DED1569B}
	EndGlobalSection
EndGlobal
